
Microsoft Visual Studio Solution File, Format Version 12.00
# Visual Studio 15
Project("{FAE04EC0-301F-11D3-BF4B-00C04F79EFBC}") = "HPlusSports.Android", "HPlusSports.Android\HPlusSports.Android.csproj", "{F67A13C5-9C02-4DED-A583-030DD5C6A5B2}"
EndProject
Project("{FAE04EC0-301F-11D3-BF4B-00C04F79EFBC}") = "HPlusSports.iOS", "HPlusSports.iOS\HPlusSports.iOS.csproj", "{841BE6D9-C7EB-4DFD-A172-FC8E0382956D}"
EndProject
Project("{FAE04EC0-301F-11D3-BF4B-00C04F79EFBC}") = "HPlusSports", "HPlusSports\HPlusSports.csproj", "{D459D15C-E205-405E-B141-E67EB38DA485}"
EndProject
Global
	GlobalSection(SolutionConfigurationPlatforms) = preSolution
		Debug|Any CPU = Debug|Any CPU
		Release|Any CPU = Release|Any CPU
		Debug|iPhoneSimulator = Debug|iPhoneSimulator
		Release|iPhoneSimulator = Release|iPhoneSimulator
		Debug|iPhone = Debug|iPhone
		Release|iPhone = Release|iPhone
		Ad-Hoc|iPhone = Ad-Hoc|iPhone
		AppStore|iPhone = AppStore|iPhone
	EndGlobalSection
	GlobalSection(ProjectConfigurationPlatforms) = postSolution
		{F67A13C5-9C02-4DED-A583-030DD5C6A5B2}.Debug|Any CPU.ActiveCfg = Debug|Any CPU
		{F67A13C5-9C02-4DED-A583-030DD5C6A5B2}.Debug|Any CPU.Build.0 = Debug|Any CPU
		{F67A13C5-9C02-4DED-A583-030DD5C6A5B2}.Release|Any CPU.ActiveCfg = Release|Any CPU
		{F67A13C5-9C02-4DED-A583-030DD5C6A5B2}.Release|Any CPU.Build.0 = Release|Any CPU
		{F67A13C5-9C02-4DED-A583-030DD5C6A5B2}.Debug|iPhoneSimulator.ActiveCfg = Debug|Any CPU
		{F67A13C5-9C02-4DED-A583-030DD5C6A5B2}.Debug|iPhoneSimulator.Build.0 = Debug|Any CPU
		{F67A13C5-9C02-4DED-A583-030DD5C6A5B2}.Release|iPhoneSimulator.ActiveCfg = Release|Any CPU
		{F67A13C5-9C02-4DED-A583-030DD5C6A5B2}.Release|iPhoneSimulator.Build.0 = Release|Any CPU
		{F67A13C5-9C02-4DED-A583-030DD5C6A5B2}.Debug|iPhone.ActiveCfg = Debug|Any CPU
		{F67A13C5-9C02-4DED-A583-030DD5C6A5B2}.Debug|iPhone.Build.0 = Debug|Any CPU
		{F67A13C5-9C02-4DED-A583-030DD5C6A5B2}.Release|iPhone.ActiveCfg = Release|Any CPU
		{F67A13C5-9C02-4DED-A583-030DD5C6A5B2}.Release|iPhone.Build.0 = Release|Any CPU
		{F67A13C5-9C02-4DED-A583-030DD5C6A5B2}.Ad-Hoc|iPhone.ActiveCfg = Debug|Any CPU
		{F67A13C5-9C02-4DED-A583-030DD5C6A5B2}.Ad-Hoc|iPhone.Build.0 = Debug|Any CPU
		{F67A13C5-9C02-4DED-A583-030DD5C6A5B2}.AppStore|iPhone.ActiveCfg = Debug|Any CPU
		{F67A13C5-9C02-4DED-A583-030DD5C6A5B2}.AppStore|iPhone.Build.0 = Debug|Any CPU
		{841BE6D9-C7EB-4DFD-A172-FC8E0382956D}.Debug|Any CPU.ActiveCfg = Debug|iPhoneSimulator
		{841BE6D9-C7EB-4DFD-A172-FC8E0382956D}.Debug|Any CPU.Build.0 = Debug|iPhoneSimulator
		{841BE6D9-C7EB-4DFD-A172-FC8E0382956D}.Release|Any CPU.ActiveCfg = Release|iPhoneSimulator
		{841BE6D9-C7EB-4DFD-A172-FC8E0382956D}.Release|Any CPU.Build.0 = Release|iPhoneSimulator
		{841BE6D9-C7EB-4DFD-A172-FC8E0382956D}.Debug|iPhoneSimulator.ActiveCfg = Debug|iPhoneSimulator
		{841BE6D9-C7EB-4DFD-A172-FC8E0382956D}.Debug|iPhoneSimulator.Build.0 = Debug|iPhoneSimulator
		{841BE6D9-C7EB-4DFD-A172-FC8E0382956D}.Release|iPhoneSimulator.ActiveCfg = Release|iPhoneSimulator
		{841BE6D9-C7EB-4DFD-A172-FC8E0382956D}.Release|iPhoneSimulator.Build.0 = Release|iPhoneSimulator
		{841BE6D9-C7EB-4DFD-A172-FC8E0382956D}.Debug|iPhone.ActiveCfg = Debug|iPhone
		{841BE6D9-C7EB-4DFD-A172-FC8E0382956D}.Debug|iPhone.Build.0 = Debug|iPhone
		{841BE6D9-C7EB-4DFD-A172-FC8E0382956D}.Release|iPhone.ActiveCfg = Release|iPhone
		{841BE6D9-C7EB-4DFD-A172-FC8E0382956D}.Release|iPhone.Build.0 = Release|iPhone
		{841BE6D9-C7EB-4DFD-A172-FC8E0382956D}.Ad-Hoc|iPhone.ActiveCfg = Ad-Hoc|iPhone
		{841BE6D9-C7EB-4DFD-A172-FC8E0382956D}.Ad-Hoc|iPhone.Build.0 = Ad-Hoc|iPhone
		{841BE6D9-C7EB-4DFD-A172-FC8E0382956D}.AppStore|iPhone.ActiveCfg = AppStore|iPhone
		{841BE6D9-C7EB-4DFD-A172-FC8E0382956D}.AppStore|iPhone.Build.0 = AppStore|iPhone
		{D459D15C-E205-405E-B141-E67EB38DA485}.Debug|Any CPU.ActiveCfg = Debug|Any CPU
		{D459D15C-E205-405E-B141-E67EB38DA485}.Debug|Any CPU.Build.0 = Debug|Any CPU
		{D459D15C-E205-405E-B141-E67EB38DA485}.Release|Any CPU.ActiveCfg = Release|Any CPU
		{D459D15C-E205-405E-B141-E67EB38DA485}.Release|Any CPU.Build.0 = Release|Any CPU
		{D459D15C-E205-405E-B141-E67EB38DA485}.Debug|iPhoneSimulator.ActiveCfg = Debug|Any CPU
		{D459D15C-E205-405E-B141-E67EB38DA485}.Debug|iPhoneSimulator.Build.0 = Debug|Any CPU
		{D459D15C-E205-405E-B141-E67EB38DA485}.Release|iPhoneSimulator.ActiveCfg = Release|Any CPU
		{D459D15C-E205-405E-B141-E67EB38DA485}.Release|iPhoneSimulator.Build.0 = Release|Any CPU
		{D459D15C-E205-405E-B141-E67EB38DA485}.Debug|iPhone.ActiveCfg = Debug|Any CPU
		{D459D15C-E205-405E-B141-E67EB38DA485}.Debug|iPhone.Build.0 = Debug|Any CPU
		{D459D15C-E205-405E-B141-E67EB38DA485}.Release|iPhone.ActiveCfg = Release|Any CPU
		{D459D15C-E205-405E-B141-E67EB38DA485}.Release|iPhone.Build.0 = Release|Any CPU
		{D459D15C-E205-405E-B141-E67EB38DA485}.Ad-Hoc|iPhone.ActiveCfg = Debug|Any CPU
		{D459D15C-E205-405E-B141-E67EB38DA485}.Ad-Hoc|iPhone.Build.0 = Debug|Any CPU
		{D459D15C-E205-405E-B141-E67EB38DA485}.AppStore|iPhone.ActiveCfg = Debug|Any CPU
		{D459D15C-E205-405E-B141-E67EB38DA485}.AppStore|iPhone.Build.0 = Debug|Any CPU
	EndGlobalSection
EndGlobal
